
Microsoft Visual Studio Solution File, Format Version 12.00
# Visual Studio Version 17
VisualStudioVersion = 17.7.34024.191
MinimumVisualStudioVersion = 10.0.40219.1
Project("{FAE04EC0-301F-11D3-BF4B-00C04F79EFBC}") = "GenericRepository", "GenericRepository\GenericRepository.csproj", "{0A28CD11-427E-488A-8DC5-07FC925CC0EC}"
EndProject
Global
	GlobalSection(SolutionConfigurationPlatforms) = preSolution
		Debug|Any CPU = Debug|Any CPU
		Release|Any CPU = Release|Any CPU
	EndGlobalSection
	GlobalSection(ProjectConfigurationPlatforms) = postSolution
		{0A28CD11-427E-488A-8DC5-07FC925CC0EC}.Debug|Any CPU.ActiveCfg = Debug|Any CPU
		{0A28CD11-427E-488A-8DC5-07FC925CC0EC}.Debug|Any CPU.Build.0 = Debug|Any CPU
		{0A28CD11-427E-488A-8DC5-07FC925CC0EC}.Release|Any CPU.ActiveCfg = Release|Any CPU
		{0A28CD11-427E-488A-8DC5-07FC925CC0EC}.Release|Any CPU.Build.0 = Release|Any CPU
	EndGlobalSection
	GlobalSection(SolutionProperties) = preSolution
		HideSolutionNode = FALSE
	EndGlobalSection
	GlobalSection(ExtensibilityGlobals) = postSolution
		SolutionGuid = {237466E2-8133-4CD4-93A9-A17F98E9A278}
	EndGlobalSection
EndGlobal
